
Microsoft Visual Studio Solution File, Format Version 12.00
# Visual Studio 15
VisualStudioVersion = 15.0.28307.489
MinimumVisualStudioVersion = 10.0.40219.1
Project("{FAE04EC0-301F-11D3-BF4B-00C04F79EFBC}") = "WineCabinetAPP", "WineCabinetAPP\WineCabinetAPP.csproj", "{9F6FE609-E687-4667-A6F1-91C54D1D18D5}"
EndProject
Global
	GlobalSection(SolutionConfigurationPlatforms) = preSolution
		Debug|Any CPU = Debug|Any CPU
		Release|Any CPU = Release|Any CPU
	EndGlobalSection
	GlobalSection(ProjectConfigurationPlatforms) = postSolution
		{9F6FE609-E687-4667-A6F1-91C54D1D18D5}.Debug|Any CPU.ActiveCfg = Debug|Any CPU
		{9F6FE609-E687-4667-A6F1-91C54D1D18D5}.Debug|Any CPU.Build.0 = Debug|Any CPU
		{9F6FE609-E687-4667-A6F1-91C54D1D18D5}.Release|Any CPU.ActiveCfg = Release|Any CPU
		{9F6FE609-E687-4667-A6F1-91C54D1D18D5}.Release|Any CPU.Build.0 = Release|Any CPU
	EndGlobalSection
	GlobalSection(SolutionProperties) = preSolution
		HideSolutionNode = FALSE
	EndGlobalSection
	GlobalSection(ExtensibilityGlobals) = postSolution
		SolutionGuid = {48601CF4-2C0A-413C-A20D-16C590738409}
	EndGlobalSection
EndGlobal
